
Microsoft Visual Studio Solution File, Format Version 12.00
# Visual Studio Version 16
VisualStudioVersion = 16.0.30711.63
MinimumVisualStudioVersion = 10.0.40219.1
Project("{6EC3EE1D-3C4E-46DD-8F32-0CC8E7565705}") = "LambdaCdk", "src\LambdaCdk\LambdaCdk.fsproj", "{50E718B8-4194-4E67-8FBE-806399499961}"
EndProject
Project("{2150E333-8FDC-42A3-9474-1A3956D46DE8}") = "src", "src", "{D144EC2B-707A-4078-B61A-F5E3F2558573}"
EndProject
Project("{6EC3EE1D-3C4E-46DD-8F32-0CC8E7565705}") = "IaC", "..\IaC\IaC.fsproj", "{27F6D27C-A888-4836-978B-3709D0DB1F4B}"
EndProject
Global
	GlobalSection(SolutionConfigurationPlatforms) = preSolution
		Debug|Any CPU = Debug|Any CPU
		Release|Any CPU = Release|Any CPU
	EndGlobalSection
	GlobalSection(ProjectConfigurationPlatforms) = postSolution
		{50E718B8-4194-4E67-8FBE-806399499961}.Debug|Any CPU.ActiveCfg = Debug|Any CPU
		{50E718B8-4194-4E67-8FBE-806399499961}.Debug|Any CPU.Build.0 = Debug|Any CPU
		{50E718B8-4194-4E67-8FBE-806399499961}.Release|Any CPU.ActiveCfg = Release|Any CPU
		{50E718B8-4194-4E67-8FBE-806399499961}.Release|Any CPU.Build.0 = Release|Any CPU
		{27F6D27C-A888-4836-978B-3709D0DB1F4B}.Debug|Any CPU.ActiveCfg = Debug|Any CPU
		{27F6D27C-A888-4836-978B-3709D0DB1F4B}.Debug|Any CPU.Build.0 = Debug|Any CPU
		{27F6D27C-A888-4836-978B-3709D0DB1F4B}.Release|Any CPU.ActiveCfg = Release|Any CPU
		{27F6D27C-A888-4836-978B-3709D0DB1F4B}.Release|Any CPU.Build.0 = Release|Any CPU
	EndGlobalSection
	GlobalSection(SolutionProperties) = preSolution
		HideSolutionNode = FALSE
	EndGlobalSection
	GlobalSection(NestedProjects) = preSolution
		{50E718B8-4194-4E67-8FBE-806399499961} = {D144EC2B-707A-4078-B61A-F5E3F2558573}
		{27F6D27C-A888-4836-978B-3709D0DB1F4B} = {D144EC2B-707A-4078-B61A-F5E3F2558573}
	EndGlobalSection
	GlobalSection(ExtensibilityGlobals) = postSolution
		SolutionGuid = {D77CDEDC-E1CF-4390-9BFA-3E69E0D1CE54}
	EndGlobalSection
EndGlobal
